
Microsoft Visual Studio Solution File, Format Version 12.00
# Visual Studio Version 16
VisualStudioVersion = 16.0.31829.152
MinimumVisualStudioVersion = 10.0.40219.1
Project("{FAE04EC0-301F-11D3-BF4B-00C04F79EFBC}") = "TestApp", "TestApp.csproj", "{EDEFD43D-7B9A-47C4-8898-CEBD3A0CC674}"
EndProject
Global
	GlobalSection(SolutionConfigurationPlatforms) = preSolution
		Debug|Any CPU = Debug|Any CPU
		Release|Any CPU = Release|Any CPU
	EndGlobalSection
	GlobalSection(ProjectConfigurationPlatforms) = postSolution
		{EDEFD43D-7B9A-47C4-8898-CEBD3A0CC674}.Debug|Any CPU.ActiveCfg = Debug|Any CPU
		{EDEFD43D-7B9A-47C4-8898-CEBD3A0CC674}.Debug|Any CPU.Build.0 = Debug|Any CPU
		{EDEFD43D-7B9A-47C4-8898-CEBD3A0CC674}.Release|Any CPU.ActiveCfg = Release|Any CPU
		{EDEFD43D-7B9A-47C4-8898-CEBD3A0CC674}.Release|Any CPU.Build.0 = Release|Any CPU
	EndGlobalSection
	GlobalSection(SolutionProperties) = preSolution
		HideSolutionNode = FALSE
	EndGlobalSection
	GlobalSection(ExtensibilityGlobals) = postSolution
		SolutionGuid = {0C8BDD0E-A635-4970-BCFC-2BCDB646BC18}
	EndGlobalSection
EndGlobal
